
Microsoft Visual Studio Solution File, Format Version 12.00
# Visual Studio Version 16
VisualStudioVersion = 16.0.32413.511
MinimumVisualStudioVersion = 10.0.40219.1
Project("{FAE04EC0-301F-11D3-BF4B-00C04F79EFBC}") = "Backend", "Backend\Backend.csproj", "{19341B28-478F-4C3C-9BC6-65D6E1A11BD8}"
EndProject
Project("{00D1A9C2-B5F0-4AF3-8072-F6C62B433612}") = "Database1", "Database1\Database1.sqlproj", "{829C8C88-FEA9-459E-9D30-33D7DBD3F993}"
EndProject
Global
	GlobalSection(SolutionConfigurationPlatforms) = preSolution
		Debug|Any CPU = Debug|Any CPU
		Release|Any CPU = Release|Any CPU
	EndGlobalSection
	GlobalSection(ProjectConfigurationPlatforms) = postSolution
		{19341B28-478F-4C3C-9BC6-65D6E1A11BD8}.Debug|Any CPU.ActiveCfg = Debug|Any CPU
		{19341B28-478F-4C3C-9BC6-65D6E1A11BD8}.Debug|Any CPU.Build.0 = Debug|Any CPU
		{19341B28-478F-4C3C-9BC6-65D6E1A11BD8}.Release|Any CPU.ActiveCfg = Release|Any CPU
		{19341B28-478F-4C3C-9BC6-65D6E1A11BD8}.Release|Any CPU.Build.0 = Release|Any CPU
		{829C8C88-FEA9-459E-9D30-33D7DBD3F993}.Debug|Any CPU.ActiveCfg = Debug|Any CPU
		{829C8C88-FEA9-459E-9D30-33D7DBD3F993}.Debug|Any CPU.Build.0 = Debug|Any CPU
		{829C8C88-FEA9-459E-9D30-33D7DBD3F993}.Debug|Any CPU.Deploy.0 = Debug|Any CPU
		{829C8C88-FEA9-459E-9D30-33D7DBD3F993}.Release|Any CPU.ActiveCfg = Release|Any CPU
		{829C8C88-FEA9-459E-9D30-33D7DBD3F993}.Release|Any CPU.Build.0 = Release|Any CPU
		{829C8C88-FEA9-459E-9D30-33D7DBD3F993}.Release|Any CPU.Deploy.0 = Release|Any CPU
	EndGlobalSection
	GlobalSection(SolutionProperties) = preSolution
		HideSolutionNode = FALSE
	EndGlobalSection
	GlobalSection(ExtensibilityGlobals) = postSolution
		SolutionGuid = {14630D7E-3F5E-45F6-BE89-D88B80DB81D0}
	EndGlobalSection
EndGlobal
